<?xml version="1.0" encoding="utf-8"?>
<Project ToolsVersion="4.0" xmlns="http://schemas.microsoft.com/developer/msbuild/2003">
  <ItemGroup>
    <Filter Include="Source Files">
      <UniqueIdentifier>{56fd426d-f28f-49d9-ba62-9cbd7949bc4a}</UniqueIdentifier>
      <Extensions>cpp;c;cxx;rc;def;r;odl;idl;hpj;bat</Extensions>
    </Filter>
    <Filter Include="Header Files">
      <UniqueIdentifier>{80af3c27-dc3a-447c-b534-e7648b07bfdf}</UniqueIdentifier>
      <Extensions>h;hpp;hxx;hm;inl</Extensions>
    </Filter>
    <Filter Include="Resource Files">
      <UniqueIdentifier>{f7f5d42c-3d2f-40d3-af67-54b2679059a5}</UniqueIdentifier>
      <Extensions>ico;cur;bmp;dlg;rc2;rct;bin;rgs;gif;jpg;jpeg;jpe</Extensions>
    </Filter>
  </ItemGroup>
  <ItemGroup>
    <ClCompile Include="..\..\CHAPTR02\cci.C">
      <Filter>Source Files</Filter>
    </ClCompile>
    <ClCompile Include="..\..\CHAPTR02\cci_f.C">
      <Filter>Source Files</Filter>
    </ClCompile>
  </ItemGroup>
</Project>